
Microsoft Visual Studio Solution File, Format Version 12.00
# Visual Studio Version 17
VisualStudioVersion = 17.0.31912.275
MinimumVisualStudioVersion = 10.0.40219.1
Project("{9A19103F-16F7-4668-BE54-9A1E7A4F7556}") = "ZooManagement", "ZooManagement.csproj", "{2F84BC83-74B1-493D-9B69-A112E9FE91B1}"
EndProject
Global
	GlobalSection(SolutionConfigurationPlatforms) = preSolution
		Debug|Any CPU = Debug|Any CPU
		Release|Any CPU = Release|Any CPU
	EndGlobalSection
	GlobalSection(ProjectConfigurationPlatforms) = postSolution
		{2F84BC83-74B1-493D-9B69-A112E9FE91B1}.Debug|Any CPU.ActiveCfg = Debug|Any CPU
		{2F84BC83-74B1-493D-9B69-A112E9FE91B1}.Debug|Any CPU.Build.0 = Debug|Any CPU
		{2F84BC83-74B1-493D-9B69-A112E9FE91B1}.Release|Any CPU.ActiveCfg = Release|Any CPU
		{2F84BC83-74B1-493D-9B69-A112E9FE91B1}.Release|Any CPU.Build.0 = Release|Any CPU
	EndGlobalSection
	GlobalSection(SolutionProperties) = preSolution
		HideSolutionNode = FALSE
	EndGlobalSection
	GlobalSection(ExtensibilityGlobals) = postSolution
		SolutionGuid = {34C6E162-5841-4560-B981-B5B097260D32}
	EndGlobalSection
EndGlobal
